PODS:
  - QuickLayout (2.1.1)
  - SwiftEntryKit (0.8.9):
    - QuickLayout (= 2.1.1)

DEPENDENCIES:
  - SwiftEntryKit (= 0.8.9)

SPEC REPOS:
  https://github.com/cocoapods/specs.git:
    - QuickLayout
    - SwiftEntryKit

SPEC CHECKSUMS:
  QuickLayout: 9af2b7fd89a6552828f51a5aba28d1bcdb8b340c
  SwiftEntryKit: 53409114a9216f93991b88e3817260bed0148811

PODFILE CHECKSUM: d4604ac101dcc00c9e8f0b7573ea8cfbc5a46afe

COCOAPODS: 1.7.1
