// !$*UTF8*$!
{
	archiveVersion = 1;
	classes = {
	};
	objectVersion = 50;
	objects = {

/* Begin PBXBuildFile section */
		17A3B0AA95F1B0CF0EF0703B /* Pods_SwiftEntryKitModality.framework in Frameworks */ = {isa = PBXBuildFile; fileRef = 3A17ED1C7D5CCCB5C5C93AC2 /* Pods_SwiftEntryKitModality.framework */; };
		32BCD761235F383900044C88 /* SwiftEntryKitModality.h in Headers */ = {isa = PBXBuildFile; fileRef = 32BCD75F235F383900044C88 /* SwiftEntryKitModality.h */; settings = {ATTRIBUTES = (Public, ); }; };
		32BCD76A235F3B2E00044C88 /* SwiftEntryKitModality.swift in Sources */ = {isa = PBXBuildFile; fileRef = 32BCD768235F3B2E00044C88 /* SwiftEntryKitModality.swift */; };
		32BCD76B235F3B2E00044C88 /* SwiftEntryKitAttributes.swift in Sources */ = {isa = PBXBuildFile; fileRef = 32BCD769235F3B2E00044C88 /* SwiftEntryKitAttributes.swift */; };
		32BCD76E235F3FE400044C88 /* Object+ClassName.swift in Sources */ = {isa = PBXBuildFile; fileRef = 32BCD76D235F3FE400044C88 /* Object+ClassName.swift */; };
		32BCD770235F400E00044C88 /* CGRect+Edge.swift in Sources */ = {isa = PBXBuildFile; fileRef = 32BCD76F235F400E00044C88 /* CGRect+Edge.swift */; };
		32BCD772235F401F00044C88 /* UIScreen+Utils.swift in Sources */ = {isa = PBXBuildFile; fileRef = 32BCD771235F401F00044C88 /* UIScreen+Utils.swift */; };
/* End PBXBuildFile section */

/* Begin PBXFileReference section */
		09548C8AE88582342637EE15 /* Pods-SwiftEntryKitModality.release.xcconfig */ = {isa = PBXFileReference; includeInIndex = 1; lastKnownFileType = text.xcconfig; name = "Pods-SwiftEntryKitModality.release.xcconfig"; path = "Target Support Files/Pods-SwiftEntryKitModality/Pods-SwiftEntryKitModality.release.xcconfig"; sourceTree = "<group>"; };
		32BCD75C235F383900044C88 /* SwiftEntryKitModality.framework */ = {isa = PBXFileReference; explicitFileType = wrapper.framework; includeInIndex = 0; path = SwiftEntryKitModality.framework; sourceTree = BUILT_PRODUCTS_DIR; };
		32BCD75F235F383900044C88 /* SwiftEntryKitModality.h */ = {isa = PBXFileReference; lastKnownFileType = sourcecode.c.h; path = SwiftEntryKitModality.h; sourceTree = "<group>"; };
		32BCD760235F383900044C88 /* Info.plist */ = {isa = PBXFileReference; lastKnownFileType = text.plist.xml; path = Info.plist; sourceTree = "<group>"; };
		32BCD768235F3B2E00044C88 /* SwiftEntryKitModality.swift */ = {isa = PBXFileReference; fileEncoding = 4; lastKnownFileType = sourcecode.swift; path = SwiftEntryKitModality.swift; sourceTree = "<group>"; };
		32BCD769235F3B2E00044C88 /* SwiftEntryKitAttributes.swift */ = {isa = PBXFileReference; fileEncoding = 4; lastKnownFileType = sourcecode.swift; path = SwiftEntryKitAttributes.swift; sourceTree = "<group>"; };
		32BCD76D235F3FE400044C88 /* Object+ClassName.swift */ = {isa = PBXFileReference; lastKnownFileType = sourcecode.swift; path = "Object+ClassName.swift"; sourceTree = "<group>"; };
		32BCD76F235F400E00044C88 /* CGRect+Edge.swift */ = {isa = PBXFileReference; lastKnownFileType = sourcecode.swift; path = "CGRect+Edge.swift"; sourceTree = "<group>"; };
		32BCD771235F401F00044C88 /* UIScreen+Utils.swift */ = {isa = PBXFileReference; lastKnownFileType = sourcecode.swift; path = "UIScreen+Utils.swift"; sourceTree = "<group>"; };
		3A17ED1C7D5CCCB5C5C93AC2 /* Pods_SwiftEntryKitModality.framework */ = {isa = PBXFileReference; explicitFileType = wrapper.framework; includeInIndex = 0; path = Pods_SwiftEntryKitModality.framework; sourceTree = BUILT_PRODUCTS_DIR; };
		977C6184395322B00ED17B10 /* Pods-SwiftEntryKitModality.debug.xcconfig */ = {isa = PBXFileReference; includeInIndex = 1; lastKnownFileType = text.xcconfig; name = "Pods-SwiftEntryKitModality.debug.xcconfig"; path = "Target Support Files/Pods-SwiftEntryKitModality/Pods-SwiftEntryKitModality.debug.xcconfig"; sourceTree = "<group>"; };
/* End PBXFileReference section */

/* Begin PBXFrameworksBuildPhase section */
		32BCD759235F383900044C88 /* Frameworks */ = {
			isa = PBXFrameworksBuildPhase;
			buildActionMask = 2147483647;
			files = (
				17A3B0AA95F1B0CF0EF0703B /* Pods_SwiftEntryKitModality.framework in Frameworks */,
			);
			runOnlyForDeploymentPostprocessing = 0;
		};
/* End PBXFrameworksBuildPhase section */

/* Begin PBXGroup section */
		32BCD752235F383900044C88 = {
			isa = PBXGroup;
			children = (
				32BCD75E235F383900044C88 /* SwiftEntryKitModality */,
				32BCD75D235F383900044C88 /* Products */,
				EDCA16AE6A74770EBD47DDEA /* Pods */,
				D391517EBE7EE306FA864359 /* Frameworks */,
			);
			sourceTree = "<group>";
		};
		32BCD75D235F383900044C88 /* Products */ = {
			isa = PBXGroup;
			children = (
				32BCD75C235F383900044C88 /* SwiftEntryKitModality.framework */,
			);
			name = Products;
			sourceTree = "<group>";
		};
		32BCD75E235F383900044C88 /* SwiftEntryKitModality */ = {
			isa = PBXGroup;
			children = (
				32BCD76C235F3FCB00044C88 /* Extensions */,
				32BCD767235F3B2E00044C88 /* Classes */,
				32BCD75F235F383900044C88 /* SwiftEntryKitModality.h */,
				32BCD760235F383900044C88 /* Info.plist */,
			);
			path = SwiftEntryKitModality;
			sourceTree = "<group>";
		};
		32BCD767235F3B2E00044C88 /* Classes */ = {
			isa = PBXGroup;
			children = (
				32BCD768235F3B2E00044C88 /* SwiftEntryKitModality.swift */,
				32BCD769235F3B2E00044C88 /* SwiftEntryKitAttributes.swift */,
			);
			path = Classes;
			sourceTree = "<group>";
		};
		32BCD76C235F3FCB00044C88 /* Extensions */ = {
			isa = PBXGroup;
			children = (
				32BCD76D235F3FE400044C88 /* Object+ClassName.swift */,
				32BCD76F235F400E00044C88 /* CGRect+Edge.swift */,
				32BCD771235F401F00044C88 /* UIScreen+Utils.swift */,
			);
			path = Extensions;
			sourceTree = "<group>";
		};
		D391517EBE7EE306FA864359 /* Frameworks */ = {
			isa = PBXGroup;
			children = (
				3A17ED1C7D5CCCB5C5C93AC2 /* Pods_SwiftEntryKitModality.framework */,
			);
			name = Frameworks;
			sourceTree = "<group>";
		};
		EDCA16AE6A74770EBD47DDEA /* Pods */ = {
			isa = PBXGroup;
			children = (
				977C6184395322B00ED17B10 /* Pods-SwiftEntryKitModality.debug.xcconfig */,
				09548C8AE88582342637EE15 /* Pods-SwiftEntryKitModality.release.xcconfig */,
			);
			path = Pods;
			sourceTree = "<group>";
		};
/* End PBXGroup section */

/* Begin PBXHeadersBuildPhase section */
		32BCD757235F383900044C88 /* Headers */ = {
			isa = PBXHeadersBuildPhase;
			buildActionMask = 2147483647;
			files = (
				32BCD761235F383900044C88 /* SwiftEntryKitModality.h in Headers */,
			);
			runOnlyForDeploymentPostprocessing = 0;
		};
/* End PBXHeadersBuildPhase section */

/* Begin PBXNativeTarget section */
		32BCD75B235F383900044C88 /* SwiftEntryKitModality */ = {
			isa = PBXNativeTarget;
			buildConfigurationList = 32BCD764235F383900044C88 /* Build configuration list for PBXNativeTarget "SwiftEntryKitModality" */;
			buildPhases = (
				D525DD4353B91C0CB996D7E9 /* [CP] Check Pods Manifest.lock */,
				32BCD757235F383900044C88 /* Headers */,
				32BCD758235F383900044C88 /* Sources */,
				32BCD759235F383900044C88 /* Frameworks */,
				32BCD75A235F383900044C88 /* Resources */,
			);
			buildRules = (
			);
			dependencies = (
			);
			name = SwiftEntryKitModality;
			productName = SwiftEntryKitModality;
			productReference = 32BCD75C235F383900044C88 /* SwiftEntryKitModality.framework */;
			productType = "com.apple.product-type.framework";
		};
/* End PBXNativeTarget section */

/* Begin PBXProject section */
		32BCD753235F383900044C88 /* Project object */ = {
			isa = PBXProject;
			attributes = {
				LastUpgradeCheck = 1110;
				ORGANIZATIONNAME = QuilCode;
				TargetAttributes = {
					32BCD75B235F383900044C88 = {
						CreatedOnToolsVersion = 11.1;
					};
				};
			};
			buildConfigurationList = 32BCD756235F383900044C88 /* Build configuration list for PBXProject "SwiftEntryKitModality" */;
			compatibilityVersion = "Xcode 9.3";
			developmentRegion = en;
			hasScannedForEncodings = 0;
			knownRegions = (
				en,
				Base,
			);
			mainGroup = 32BCD752235F383900044C88;
			productRefGroup = 32BCD75D235F383900044C88 /* Products */;
			projectDirPath = "";
			projectRoot = "";
			targets = (
				32BCD75B235F383900044C88 /* SwiftEntryKitModality */,
			);
		};
/* End PBXProject section */

/* Begin PBXResourcesBuildPhase section */
		32BCD75A235F383900044C88 /* Resources */ = {
			isa = PBXResourcesBuildPhase;
			buildActionMask = 2147483647;
			files = (
			);
			runOnlyForDeploymentPostprocessing = 0;
		};
/* End PBXResourcesBuildPhase section */

/* Begin PBXShellScriptBuildPhase section */
		D525DD4353B91C0CB996D7E9 /* [CP] Check Pods Manifest.lock */ = {
			isa = PBXShellScriptBuildPhase;
			buildActionMask = 2147483647;
			files = (
			);
			inputFileListPaths = (
			);
			inputPaths = (
				"${PODS_PODFILE_DIR_PATH}/Podfile.lock",
				"${PODS_ROOT}/Manifest.lock",
			);
			name = "[CP] Check Pods Manifest.lock";
			outputFileListPaths = (
			);
			outputPaths = (
				"$(DERIVED_FILE_DIR)/Pods-SwiftEntryKitModality-checkManifestLockResult.txt",
			);
			runOnlyForDeploymentPostprocessing = 0;
			shellPath = /bin/sh;
			shellScript = "diff \"${PODS_PODFILE_DIR_PATH}/Podfile.lock\" \"${PODS_ROOT}/Manifest.lock\" > /dev/null\nif [ $? != 0 ] ; then\n    # print error to STDERR\n    echo \"error: The sandbox is not in sync with the Podfile.lock. Run 'pod install' or update your CocoaPods installation.\" >&2\n    exit 1\nfi\n# This output is used by Xcode 'outputs' to avoid re-running this script phase.\necho \"SUCCESS\" > \"${SCRIPT_OUTPUT_FILE_0}\"\n";
			showEnvVarsInLog = 0;
		};
/* End PBXShellScriptBuildPhase section */

/* Begin PBXSourcesBuildPhase section */
		32BCD758235F383900044C88 /* Sources */ = {
			isa = PBXSourcesBuildPhase;
			buildActionMask = 2147483647;
			files = (
				32BCD772235F401F00044C88 /* UIScreen+Utils.swift in Sources */,
				32BCD770235F400E00044C88 /* CGRect+Edge.swift in Sources */,
				32BCD76B235F3B2E00044C88 /* SwiftEntryKitAttributes.swift in Sources */,
				32BCD76A235F3B2E00044C88 /* SwiftEntryKitModality.swift in Sources */,
				32BCD76E235F3FE400044C88 /* Object+ClassName.swift in Sources */,
			);
			runOnlyForDeploymentPostprocessing = 0;
		};
/* End PBXSourcesBuildPhase section */

/* Begin XCBuildConfiguration section */
		32BCD762235F383900044C88 /* Debug */ = {
			isa = XCBuildConfiguration;
			buildSettings = {
				ALWAYS_SEARCH_USER_PATHS = NO;
				CLANG_ANALYZER_NONNULL = YES;
				CLANG_ANALYZER_NUMBER_OBJECT_CONVERSION = YES_AGGRESSIVE;
				CLANG_CXX_LANGUAGE_STANDARD = "gnu++14";
				CLANG_CXX_LIBRARY = "libc++";
				CLANG_ENABLE_MODULES = YES;
				CLANG_ENABLE_OBJC_ARC = YES;
				CLANG_ENABLE_OBJC_WEAK = YES;
				CLANG_WARN_BLOCK_CAPTURE_AUTORELEASING = YES;
				CLANG_WARN_BOOL_CONVERSION = YES;
				CLANG_WARN_COMMA = YES;
				CLANG_WARN_CONSTANT_CONVERSION = YES;
				CLANG_WARN_DEPRECATED_OBJC_IMPLEMENTATIONS = YES;
				CLANG_WARN_DIRECT_OBJC_ISA_USAGE = YES_ERROR;
				CLANG_WARN_DOCUMENTATION_COMMENTS = YES;
				CLANG_WARN_EMPTY_BODY = YES;
				CLANG_WARN_ENUM_CONVERSION = YES;
				CLANG_WARN_INFINITE_RECURSION = YES;
				CLANG_WARN_INT_CONVERSION = YES;
				CLANG_WARN_NON_LITERAL_NULL_CONVERSION = YES;
				CLANG_WARN_OBJC_IMPLICIT_RETAIN_SELF = YES;
				CLANG_WARN_OBJC_LITERAL_CONVERSION = YES;
				CLANG_WARN_OBJC_ROOT_CLASS = YES_ERROR;
				CLANG_WARN_RANGE_LOOP_ANALYSIS = YES;
				CLANG_WARN_STRICT_PROTOTYPES = YES;
				CLANG_WARN_SUSPICIOUS_MOVE = YES;
				CLANG_WARN_UNGUARDED_AVAILABILITY = YES_AGGRESSIVE;
				CLANG_WARN_UNREACHABLE_CODE = YES;
				CLANG_WARN__DUPLICATE_METHOD_MATCH = YES;
				COPY_PHASE_STRIP = NO;
				CURRENT_PROJECT_VERSION = 1;
				DEBUG_INFORMATION_FORMAT = dwarf;
				ENABLE_STRICT_OBJC_MSGSEND = YES;
				ENABLE_TESTABILITY = YES;
				GCC_C_LANGUAGE_STANDARD = gnu11;
				GCC_DYNAMIC_NO_PIC = NO;
				GCC_NO_COMMON_BLOCKS = YES;
				GCC_OPTIMIZATION_LEVEL = 0;
				GCC_PREPROCESSOR_DEFINITIONS = (
					"DEBUG=1",
					"$(inherited)",
				);
				GCC_WARN_64_TO_32_BIT_CONVERSION = YES;
				GCC_WARN_ABOUT_RETURN_TYPE = YES_ERROR;
				GCC_WARN_UNDECLARED_SELECTOR = YES;
				GCC_WARN_UNINITIALIZED_AUTOS = YES_AGGRESSIVE;
				GCC_WARN_UNUSED_FUNCTION = YES;
				GCC_WARN_UNUSED_VARIABLE = YES;
				IPHONEOS_DEPLOYMENT_TARGET = 13.1;
				MTL_ENABLE_DEBUG_INFO = INCLUDE_SOURCE;
				MTL_FAST_MATH = YES;
				ONLY_ACTIVE_ARCH = YES;
				SDKROOT = iphoneos;
				SWIFT_ACTIVE_COMPILATION_CONDITIONS = DEBUG;
				SWIFT_OPTIMIZATION_LEVEL = "-Onone";
				VERSIONING_SYSTEM = "apple-generic";
				VERSION_INFO_PREFIX = "";
			};
			name = Debug;
		};
		32BCD763235F383900044C88 /* Release */ = {
			isa = XCBuildConfiguration;
			buildSettings = {
				ALWAYS_SEARCH_USER_PATHS = NO;
				CLANG_ANALYZER_NONNULL = YES;
				CLANG_ANALYZER_NUMBER_OBJECT_CONVERSION = YES_AGGRESSIVE;
				CLANG_CXX_LANGUAGE_STANDARD = "gnu++14";
				CLANG_CXX_LIBRARY = "libc++";
				CLANG_ENABLE_MODULES = YES;
				CLANG_ENABLE_OBJC_ARC = YES;
				CLANG_ENABLE_OBJC_WEAK = YES;
				CLANG_WARN_BLOCK_CAPTURE_AUTORELEASING = YES;
				CLANG_WARN_BOOL_CONVERSION = YES;
				CLANG_WARN_COMMA = YES;
				CLANG_WARN_CONSTANT_CONVERSION = YES;
				CLANG_WARN_DEPRECATED_OBJC_IMPLEMENTATIONS = YES;
				CLANG_WARN_DIRECT_OBJC_ISA_USAGE = YES_ERROR;
				CLANG_WARN_DOCUMENTATION_COMMENTS = YES;
				CLANG_WARN_EMPTY_BODY = YES;
				CLANG_WARN_ENUM_CONVERSION = YES;
				CLANG_WARN_INFINITE_RECURSION = YES;
				CLANG_WARN_INT_CONVERSION = YES;
				CLANG_WARN_NON_LITERAL_NULL_CONVERSION = YES;
				CLANG_WARN_OBJC_IMPLICIT_RETAIN_SELF = YES;
				CLANG_WARN_OBJC_LITERAL_CONVERSION = YES;
				CLANG_WARN_OBJC_ROOT_CLASS = YES_ERROR;
				CLANG_WARN_RANGE_LOOP_ANALYSIS = YES;
				CLANG_WARN_STRICT_PROTOTYPES = YES;
				CLANG_WARN_SUSPICIOUS_MOVE = YES;
				CLANG_WARN_UNGUARDED_AVAILABILITY = YES_AGGRESSIVE;
				CLANG_WARN_UNREACHABLE_CODE = YES;
				CLANG_WARN__DUPLICATE_METHOD_MATCH = YES;
				COPY_PHASE_STRIP = NO;
				CURRENT_PROJECT_VERSION = 1;
				DEBUG_INFORMATION_FORMAT = "dwarf-with-dsym";
				ENABLE_NS_ASSERTIONS = NO;
				ENABLE_STRICT_OBJC_MSGSEND = YES;
				GCC_C_LANGUAGE_STANDARD = gnu11;
				GCC_NO_COMMON_BLOCKS = YES;
				GCC_WARN_64_TO_32_BIT_CONVERSION = YES;
				GCC_WARN_ABOUT_RETURN_TYPE = YES_ERROR;
				GCC_WARN_UNDECLARED_SELECTOR = YES;
				GCC_WARN_UNINITIALIZED_AUTOS = YES_AGGRESSIVE;
				GCC_WARN_UNUSED_FUNCTION = YES;
				GCC_WARN_UNUSED_VARIABLE = YES;
				IPHONEOS_DEPLOYMENT_TARGET = 13.1;
				MTL_ENABLE_DEBUG_INFO = NO;
				MTL_FAST_MATH = YES;
				SDKROOT = iphoneos;
				SWIFT_COMPILATION_MODE = wholemodule;
				SWIFT_OPTIMIZATION_LEVEL = "-O";
				VALIDATE_PRODUCT = YES;
				VERSIONING_SYSTEM = "apple-generic";
				VERSION_INFO_PREFIX = "";
			};
			name = Release;
		};
		32BCD765235F383900044C88 /* Debug */ = {
			isa = XCBuildConfiguration;
			baseConfigurationReference = 977C6184395322B00ED17B10 /* Pods-SwiftEntryKitModality.debug.xcconfig */;
			buildSettings = {
				CODE_SIGN_STYLE = Automatic;
				DEFINES_MODULE = YES;
				DYLIB_COMPATIBILITY_VERSION = 1;
				DYLIB_CURRENT_VERSION = 1;
				DYLIB_INSTALL_NAME_BASE = "@rpath";
				INFOPLIST_FILE = SwiftEntryKitModality/Info.plist;
				INSTALL_PATH = "$(LOCAL_LIBRARY_DIR)/Frameworks";
				LD_RUNPATH_SEARCH_PATHS = (
					"$(inherited)",
					"@executable_path/Frameworks",
					"@loader_path/Frameworks",
				);
				PRODUCT_BUNDLE_IDENTIFIER = com.quilcode.SwiftEntryKitModality;
				PRODUCT_NAME = "$(TARGET_NAME:c99extidentifier)";
				SKIP_INSTALL = YES;
				SWIFT_VERSION = 4.2;
				TARGETED_DEVICE_FAMILY = "1,2";
			};
			name = Debug;
		};
		32BCD766235F383900044C88 /* Release */ = {
			isa = XCBuildConfiguration;
			baseConfigurationReference = 09548C8AE88582342637EE15 /* Pods-SwiftEntryKitModality.release.xcconfig */;
			buildSettings = {
				CODE_SIGN_STYLE = Automatic;
				DEFINES_MODULE = YES;
				DYLIB_COMPATIBILITY_VERSION = 1;
				DYLIB_CURRENT_VERSION = 1;
				DYLIB_INSTALL_NAME_BASE = "@rpath";
				INFOPLIST_FILE = SwiftEntryKitModality/Info.plist;
				INSTALL_PATH = "$(LOCAL_LIBRARY_DIR)/Frameworks";
				LD_RUNPATH_SEARCH_PATHS = (
					"$(inherited)",
					"@executable_path/Frameworks",
					"@loader_path/Frameworks",
				);
				PRODUCT_BUNDLE_IDENTIFIER = com.quilcode.SwiftEntryKitModality;
				PRODUCT_NAME = "$(TARGET_NAME:c99extidentifier)";
				SKIP_INSTALL = YES;
				SWIFT_VERSION = 4.2;
				TARGETED_DEVICE_FAMILY = "1,2";
			};
			name = Release;
		};
/* End XCBuildConfiguration section */

/* Begin XCConfigurationList section */
		32BCD756235F383900044C88 /* Build configuration list for PBXProject "SwiftEntryKitModality" */ = {
			isa = XCConfigurationList;
			buildConfigurations = (
				32BCD762235F383900044C88 /* Debug */,
				32BCD763235F383900044C88 /* Release */,
			);
			defaultConfigurationIsVisible = 0;
			defaultConfigurationName = Release;
		};
		32BCD764235F383900044C88 /* Build configuration list for PBXNativeTarget "SwiftEntryKitModality" */ = {
			isa = XCConfigurationList;
			buildConfigurations = (
				32BCD765235F383900044C88 /* Debug */,
				32BCD766235F383900044C88 /* Release */,
			);
			defaultConfigurationIsVisible = 0;
			defaultConfigurationName = Release;
		};
/* End XCConfigurationList section */
	};
	rootObject = 32BCD753235F383900044C88 /* Project object */;
}
